// !$*UTF8*$!
{
	archiveVersion = 1;
	classes = {
	};
	objectVersion = 55;
	objects = {

/* Begin PBXBuildFile section */
		C7537C8B2882944A00819794 /* AppDelegate.swift in Sources */ = {isa = PBXBuildFile; fileRef = C7537C8A2882944A00819794 /* AppDelegate.swift */; };
		C7537C8D2882944A00819794 /* SceneDelegate.swift in Sources */ = {isa = PBXBuildFile; fileRef = C7537C8C2882944A00819794 /* SceneDelegate.swift */; };
		C7537C8F2882944A00819794 /* ViewController.swift in Sources */ = {isa = PBXBuildFile; fileRef = C7537C8E2882944A00819794 /* ViewController.swift */; };
		C7537C922882944A00819794 /* Main.storyboard in Resources */ = {isa = PBXBuildFile; fileRef = C7537C902882944A00819794 /* Main.storyboard */; };
		C7537C942882944C00819794 /* Assets.xcassets in Resources */ = {isa = PBXBuildFile; fileRef = C7537C932882944C00819794 /* Assets.xcassets */; };
		C7537C972882944C00819794 /* LaunchScreen.storyboard in Resources */ = {isa = PBXBuildFile; fileRef = C7537C952882944C00819794 /* LaunchScreen.storyboard */; };
		C7537CA42882950200819794 /* Observable.swift in Sources */ = {isa = PBXBuildFile; fileRef = C7537CA32882950200819794 /* Observable.swift */; };
		C7537CA82882956100819794 /* ProductosViewModel.swift in Sources */ = {isa = PBXBuildFile; fileRef = C7537CA72882956100819794 /* ProductosViewModel.swift */; };
		C7537CAA2882957F00819794 /* ProductosModel.swift in Sources */ = {isa = PBXBuildFile; fileRef = C7537CA92882957F00819794 /* ProductosModel.swift */; };
		C75A85C6288296CD009EC654 /* ListProductos.storyboard in Resources */ = {isa = PBXBuildFile; fileRef = C75A85C5288296CD009EC654 /* ListProductos.storyboard */; };
		C75A85C8288296F9009EC654 /* ListProductosViewController.swift in Sources */ = {isa = PBXBuildFile; fileRef = C75A85C7288296F9009EC654 /* ListProductosViewController.swift */; };
		C75A85CB28829B3E009EC654 /* ProductoTableViewCell.swift in Sources */ = {isa = PBXBuildFile; fileRef = C75A85CA28829B3E009EC654 /* ProductoTableViewCell.swift */; };
/* End PBXBuildFile section */

/* Begin PBXFileReference section */
		C7537C872882944A00819794 /* Caso practico UIKit.app */ = {isa = PBXFileReference; explicitFileType = wrapper.application; includeInIndex = 0; path = "Caso practico UIKit.app"; sourceTree = BUILT_PRODUCTS_DIR; };
		C7537C8A2882944A00819794 /* AppDelegate.swift */ = {isa = PBXFileReference; lastKnownFileType = sourcecode.swift; path = AppDelegate.swift; sourceTree = "<group>"; };
		C7537C8C2882944A00819794 /* SceneDelegate.swift */ = {isa = PBXFileReference; lastKnownFileType = sourcecode.swift; path = SceneDelegate.swift; sourceTree = "<group>"; };
		C7537C8E2882944A00819794 /* ViewController.swift */ = {isa = PBXFileReference; lastKnownFileType = sourcecode.swift; path = ViewController.swift; sourceTree = "<group>"; };
		C7537C912882944A00819794 /* Base */ = {isa = PBXFileReference; lastKnownFileType = file.storyboard; name = Base; path = Base.lproj/Main.storyboard; sourceTree = "<group>"; };
		C7537C932882944C00819794 /* Assets.xcassets */ = {isa = PBXFileReference; lastKnownFileType = folder.assetcatalog; path = Assets.xcassets; sourceTree = "<group>"; };
		C7537C962882944C00819794 /* Base */ = {isa = PBXFileReference; lastKnownFileType = file.storyboard; name = Base; path = Base.lproj/LaunchScreen.storyboard; sourceTree = "<group>"; };
		C7537C982882944C00819794 /* Info.plist */ = {isa = PBXFileReference; lastKnownFileType = text.plist.xml; path = Info.plist; sourceTree = "<group>"; };
		C7537CA32882950200819794 /* Observable.swift */ = {isa = PBXFileReference; fileEncoding = 4; lastKnownFileType = sourcecode.swift; path = Observable.swift; sourceTree = "<group>"; };
		C7537CA72882956100819794 /* ProductosViewModel.swift */ = {isa = PBXFileReference; fileEncoding = 4; lastKnownFileType = sourcecode.swift; path = ProductosViewModel.swift; sourceTree = "<group>"; };
		C7537CA92882957F00819794 /* ProductosModel.swift */ = {isa = PBXFileReference; fileEncoding = 4; lastKnownFileType = sourcecode.swift; path = ProductosModel.swift; sourceTree = "<group>"; };
		C75A85C5288296CD009EC654 /* ListProductos.storyboard */ = {isa = PBXFileReference; lastKnownFileType = file.storyboard; path = ListProductos.storyboard; sourceTree = "<group>"; };
		C75A85C7288296F9009EC654 /* ListProductosViewController.swift */ = {isa = PBXFileReference; lastKnownFileType = sourcecode.swift; path = ListProductosViewController.swift; sourceTree = "<group>"; };
		C75A85CA28829B3E009EC654 /* ProductoTableViewCell.swift */ = {isa = PBXFileReference; lastKnownFileType = sourcecode.swift; path = ProductoTableViewCell.swift; sourceTree = "<group>"; };
/* End PBXFileReference section */

/* Begin PBXFrameworksBuildPhase section */
		C7537C842882944A00819794 /* Frameworks */ = {
			isa = PBXFrameworksBuildPhase;
			buildActionMask = 2147483647;
			files = (
			);
			runOnlyForDeploymentPostprocessing = 0;
		};
/* End PBXFrameworksBuildPhase section */

/* Begin PBXGroup section */
		C7537C7E2882944A00819794 = {
			isa = PBXGroup;
			children = (
				C7537C892882944A00819794 /* Caso practico UIKit */,
				C7537C882882944A00819794 /* Products */,
			);
			sourceTree = "<group>";
		};
		C7537C882882944A00819794 /* Products */ = {
			isa = PBXGroup;
			children = (
				C7537C872882944A00819794 /* Caso practico UIKit.app */,
			);
			name = Products;
			sourceTree = "<group>";
		};
		C7537C892882944A00819794 /* Caso practico UIKit */ = {
			isa = PBXGroup;
			children = (
				C7537CA2288294E600819794 /* Helpers */,
				C7537C8A2882944A00819794 /* AppDelegate.swift */,
				C7537CA52882952D00819794 /* ViewModel */,
				C7537C8C2882944A00819794 /* SceneDelegate.swift */,
				C7537CA62882954200819794 /* Model */,
				C7537CAB2882959B00819794 /* View */,
				C7537C952882944C00819794 /* LaunchScreen.storyboard */,
				C7537C982882944C00819794 /* Info.plist */,
			);
			path = "Caso practico UIKit";
			sourceTree = "<group>";
		};
		C7537CA2288294E600819794 /* Helpers */ = {
			isa = PBXGroup;
			children = (
				C7537CA32882950200819794 /* Observable.swift */,
				C7537C932882944C00819794 /* Assets.xcassets */,
			);
			path = Helpers;
			sourceTree = "<group>";
		};
		C7537CA52882952D00819794 /* ViewModel */ = {
			isa = PBXGroup;
			children = (
				C7537CA72882956100819794 /* ProductosViewModel.swift */,
			);
			path = ViewModel;
			sourceTree = "<group>";
		};
		C7537CA62882954200819794 /* Model */ = {
			isa = PBXGroup;
			children = (
				C7537CA92882957F00819794 /* ProductosModel.swift */,
			);
			path = Model;
			sourceTree = "<group>";
		};
		C7537CAB2882959B00819794 /* View */ = {
			isa = PBXGroup;
			children = (
				C75A85C9288299B4009EC654 /* Principal */,
				C7537CAC2882967B00819794 /* Lista Productos  */,
			);
			path = View;
			sourceTree = "<group>";
		};
		C7537CAC2882967B00819794 /* Lista Productos  */ = {
			isa = PBXGroup;
			children = (
				C75A85C5288296CD009EC654 /* ListProductos.storyboard */,
				C75A85C7288296F9009EC654 /* ListProductosViewController.swift */,
				C75A85CA28829B3E009EC654 /* ProductoTableViewCell.swift */,
			);
			path = "Lista Productos ";
			sourceTree = "<group>";
		};
		C75A85C9288299B4009EC654 /* Principal */ = {
			isa = PBXGroup;
			children = (
				C7537C8E2882944A00819794 /* ViewController.swift */,
				C7537C902882944A00819794 /* Main.storyboard */,
			);
			path = Principal;
			sourceTree = "<group>";
		};
/* End PBXGroup section */

/* Begin PBXNativeTarget section */
		C7537C862882944A00819794 /* Caso practico UIKit */ = {
			isa = PBXNativeTarget;
			buildConfigurationList = C7537C9B2882944C00819794 /* Build configuration list for PBXNativeTarget "Caso practico UIKit" */;
			buildPhases = (
				C7537C832882944A00819794 /* Sources */,
				C7537C842882944A00819794 /* Frameworks */,
				C7537C852882944A00819794 /* Resources */,
			);
			buildRules = (
			);
			dependencies = (
			);
			name = "Caso practico UIKit";
			productName = "Caso practico UIKit";
			productReference = C7537C872882944A00819794 /* Caso practico UIKit.app */;
			productType = "com.apple.product-type.application";
		};
/* End PBXNativeTarget section */

/* Begin PBXProject section */
		C7537C7F2882944A00819794 /* Project object */ = {
			isa = PBXProject;
			attributes = {
				BuildIndependentTargetsInParallel = 1;
				LastSwiftUpdateCheck = 1330;
				LastUpgradeCheck = 1330;
				TargetAttributes = {
					C7537C862882944A00819794 = {
						CreatedOnToolsVersion = 13.3.1;
					};
				};
			};
			buildConfigurationList = C7537C822882944A00819794 /* Build configuration list for PBXProject "Caso practico UIKit" */;
			compatibilityVersion = "Xcode 13.0";
			developmentRegion = en;
			hasScannedForEncodings = 0;
			knownRegions = (
				en,
				Base,
			);
			mainGroup = C7537C7E2882944A00819794;
			productRefGroup = C7537C882882944A00819794 /* Products */;
			projectDirPath = "";
			projectRoot = "";
			targets = (
				C7537C862882944A00819794 /* Caso practico UIKit */,
			);
		};
/* End PBXProject section */

/* Begin PBXResourcesBuildPhase section */
		C7537C852882944A00819794 /* Resources */ = {
			isa = PBXResourcesBuildPhase;
			buildActionMask = 2147483647;
			files = (
				C7537C972882944C00819794 /* LaunchScreen.storyboard in Resources */,
				C7537C942882944C00819794 /* Assets.xcassets in Resources */,
				C75A85C6288296CD009EC654 /* ListProductos.storyboard in Resources */,
				C7537C922882944A00819794 /* Main.storyboard in Resources */,
			);
			runOnlyForDeploymentPostprocessing = 0;
		};
/* End PBXResourcesBuildPhase section */

/* Begin PBXSourcesBuildPhase section */
		C7537C832882944A00819794 /* Sources */ = {
			isa = PBXSourcesBuildPhase;
			buildActionMask = 2147483647;
			files = (
				C75A85C8288296F9009EC654 /* ListProductosViewController.swift in Sources */,
				C75A85CB28829B3E009EC654 /* ProductoTableViewCell.swift in Sources */,
				C7537CA42882950200819794 /* Observable.swift in Sources */,
				C7537C8F2882944A00819794 /* ViewController.swift in Sources */,
				C7537C8B2882944A00819794 /* AppDelegate.swift in Sources */,
				C7537C8D2882944A00819794 /* SceneDelegate.swift in Sources */,
				C7537CA82882956100819794 /* ProductosViewModel.swift in Sources */,
				C7537CAA2882957F00819794 /* ProductosModel.swift in Sources */,
			);
			runOnlyForDeploymentPostprocessing = 0;
		};
/* End PBXSourcesBuildPhase section */

/* Begin PBXVariantGroup section */
		C7537C902882944A00819794 /* Main.storyboard */ = {
			isa = PBXVariantGroup;
			children = (
				C7537C912882944A00819794 /* Base */,
			);
			name = Main.storyboard;
			sourceTree = "<group>";
		};
		C7537C952882944C00819794 /* LaunchScreen.storyboard */ = {
			isa = PBXVariantGroup;
			children = (
				C7537C962882944C00819794 /* Base */,
			);
			name = LaunchScreen.storyboard;
			sourceTree = "<group>";
		};
/* End PBXVariantGroup section */

/* Begin XCBuildConfiguration section */
		C7537C992882944C00819794 /* Debug */ = {
			isa = XCBuildConfiguration;
			buildSettings = {
				ALWAYS_SEARCH_USER_PATHS = NO;
				CLANG_ANALYZER_NONNULL = YES;
				CLANG_ANALYZER_NUMBER_OBJECT_CONVERSION = YES_AGGRESSIVE;
				CLANG_CXX_LANGUAGE_STANDARD = "gnu++17";
				CLANG_ENABLE_MODULES = YES;
				CLANG_ENABLE_OBJC_ARC = YES;
				CLANG_ENABLE_OBJC_WEAK = YES;
				CLANG_WARN_BLOCK_CAPTURE_AUTORELEASING = YES;
				CLANG_WARN_BOOL_CONVERSION = YES;
				CLANG_WARN_COMMA = YES;
				CLANG_WARN_CONSTANT_CONVERSION = YES;
				CLANG_WARN_DEPRECATED_OBJC_IMPLEMENTATIONS = YES;
				CLANG_WARN_DIRECT_OBJC_ISA_USAGE = YES_ERROR;
				CLANG_WARN_DOCUMENTATION_COMMENTS = YES;
				CLANG_WARN_EMPTY_BODY = YES;
				CLANG_WARN_ENUM_CONVERSION = YES;
				CLANG_WARN_INFINITE_RECURSION = YES;
				CLANG_WARN_INT_CONVERSION = YES;
				CLANG_WARN_NON_LITERAL_NULL_CONVERSION = YES;
				CLANG_WARN_OBJC_IMPLICIT_RETAIN_SELF = YES;
				CLANG_WARN_OBJC_LITERAL_CONVERSION = YES;
				CLANG_WARN_OBJC_ROOT_CLASS = YES_ERROR;
				CLANG_WARN_QUOTED_INCLUDE_IN_FRAMEWORK_HEADER = YES;
				CLANG_WARN_RANGE_LOOP_ANALYSIS = YES;
				CLANG_WARN_STRICT_PROTOTYPES = YES;
				CLANG_WARN_SUSPICIOUS_MOVE = YES;
				CLANG_WARN_UNGUARDED_AVAILABILITY = YES_AGGRESSIVE;
				CLANG_WARN_UNREACHABLE_CODE = YES;
				CLANG_WARN__DUPLICATE_METHOD_MATCH = YES;
				COPY_PHASE_STRIP = NO;
				DEBUG_INFORMATION_FORMAT = dwarf;
				ENABLE_STRICT_OBJC_MSGSEND = YES;
				ENABLE_TESTABILITY = YES;
				GCC_C_LANGUAGE_STANDARD = gnu11;
				GCC_DYNAMIC_NO_PIC = NO;
				GCC_NO_COMMON_BLOCKS = YES;
				GCC_OPTIMIZATION_LEVEL = 0;
				GCC_PREPROCESSOR_DEFINITIONS = (
					"DEBUG=1",
					"$(inherited)",
				);
				GCC_WARN_64_TO_32_BIT_CONVERSION = YES;
				GCC_WARN_ABOUT_RETURN_TYPE = YES_ERROR;
				GCC_WARN_UNDECLARED_SELECTOR = YES;
				GCC_WARN_UNINITIALIZED_AUTOS = YES_AGGRESSIVE;
				GCC_WARN_UNUSED_FUNCTION = YES;
				GCC_WARN_UNUSED_VARIABLE = YES;
				IPHONEOS_DEPLOYMENT_TARGET = 15.4;
				MTL_ENABLE_DEBUG_INFO = INCLUDE_SOURCE;
				MTL_FAST_MATH = YES;
				ONLY_ACTIVE_ARCH = YES;
				SDKROOT = iphoneos;
				SWIFT_ACTIVE_COMPILATION_CONDITIONS = DEBUG;
				SWIFT_OPTIMIZATION_LEVEL = "-Onone";
			};
			name = Debug;
		};
		C7537C9A2882944C00819794 /* Release */ = {
			isa = XCBuildConfiguration;
			buildSettings = {
				ALWAYS_SEARCH_USER_PATHS = NO;
				CLANG_ANALYZER_NONNULL = YES;
				CLANG_ANALYZER_NUMBER_OBJECT_CONVERSION = YES_AGGRESSIVE;
				CLANG_CXX_LANGUAGE_STANDARD = "gnu++17";
				CLANG_ENABLE_MODULES = YES;
				CLANG_ENABLE_OBJC_ARC = YES;
				CLANG_ENABLE_OBJC_WEAK = YES;
				CLANG_WARN_BLOCK_CAPTURE_AUTORELEASING = YES;
				CLANG_WARN_BOOL_CONVERSION = YES;
				CLANG_WARN_COMMA = YES;
				CLANG_WARN_CONSTANT_CONVERSION = YES;
				CLANG_WARN_DEPRECATED_OBJC_IMPLEMENTATIONS = YES;
				CLANG_WARN_DIRECT_OBJC_ISA_USAGE = YES_ERROR;
				CLANG_WARN_DOCUMENTATION_COMMENTS = YES;
				CLANG_WARN_EMPTY_BODY = YES;
				CLANG_WARN_ENUM_CONVERSION = YES;
				CLANG_WARN_INFINITE_RECURSION = YES;
				CLANG_WARN_INT_CONVERSION = YES;
				CLANG_WARN_NON_LITERAL_NULL_CONVERSION = YES;
				CLANG_WARN_OBJC_IMPLICIT_RETAIN_SELF = YES;
				CLANG_WARN_OBJC_LITERAL_CONVERSION = YES;
				CLANG_WARN_OBJC_ROOT_CLASS = YES_ERROR;
				CLANG_WARN_QUOTED_INCLUDE_IN_FRAMEWORK_HEADER = YES;
				CLANG_WARN_RANGE_LOOP_ANALYSIS = YES;
				CLANG_WARN_STRICT_PROTOTYPES = YES;
				CLANG_WARN_SUSPICIOUS_MOVE = YES;
				CLANG_WARN_UNGUARDED_AVAILABILITY = YES_AGGRESSIVE;
				CLANG_WARN_UNREACHABLE_CODE = YES;
				CLANG_WARN__DUPLICATE_METHOD_MATCH = YES;
				COPY_PHASE_STRIP = NO;
				DEBUG_INFORMATION_FORMAT = "dwarf-with-dsym";
				ENABLE_NS_ASSERTIONS = NO;
				ENABLE_STRICT_OBJC_MSGSEND = YES;
				GCC_C_LANGUAGE_STANDARD = gnu11;
				GCC_NO_COMMON_BLOCKS = YES;
				GCC_WARN_64_TO_32_BIT_CONVERSION = YES;
				GCC_WARN_ABOUT_RETURN_TYPE = YES_ERROR;
				GCC_WARN_UNDECLARED_SELECTOR = YES;
				GCC_WARN_UNINITIALIZED_AUTOS = YES_AGGRESSIVE;
				GCC_WARN_UNUSED_FUNCTION = YES;
				GCC_WARN_UNUSED_VARIABLE = YES;
				IPHONEOS_DEPLOYMENT_TARGET = 15.4;
				MTL_ENABLE_DEBUG_INFO = NO;
				MTL_FAST_MATH = YES;
				SDKROOT = iphoneos;
				SWIFT_COMPILATION_MODE = wholemodule;
				SWIFT_OPTIMIZATION_LEVEL = "-O";
				VALIDATE_PRODUCT = YES;
			};
			name = Release;
		};
		C7537C9C2882944C00819794 /* Debug */ = {
			isa = XCBuildConfiguration;
			buildSettings = {
				ASSETCATALOG_COMPILER_APPICON_NAME = AppIcon;
				ASSETCATALOG_COMPILER_GLOBAL_ACCENT_COLOR_NAME = AccentColor;
				CODE_SIGN_STYLE = Automatic;
				CURRENT_PROJECT_VERSION = 1;
				DEVELOPMENT_TEAM = 9QDXF859Y3;
				GENERATE_INFOPLIST_FILE = YES;
				INFOPLIST_FILE = "Caso practico UIKit/Info.plist";
				INFOPLIST_KEY_UIApplicationSupportsIndirectInputEvents = YES;
				INFOPLIST_KEY_UILaunchStoryboardName = LaunchScreen;
				INFOPLIST_KEY_UIMainStoryboardFile = Main;
				INFOPLIST_KEY_UISupportedInterfaceOrientations_iPad = "UIInterfaceOrientationPortrait UIInterfaceOrientationPortraitUpsideDown UIInterfaceOrientationLandscapeLeft UIInterfaceOrientationLandscapeRight";
				INFOPLIST_KEY_UISupportedInterfaceOrientations_iPhone = "UIInterfaceOrientationPortrait UIInterfaceOrientationLandscapeLeft UIInterfaceOrientationLandscapeRight";
				LD_RUNPATH_SEARCH_PATHS = (
					"$(inherited)",
					"@executable_path/Frameworks",
				);
				MARKETING_VERSION = 1.0;
				PRODUCT_BUNDLE_IDENTIFIER = "betu.Caso-practico-UIKit";
				PRODUCT_NAME = "$(TARGET_NAME)";
				SWIFT_EMIT_LOC_STRINGS = YES;
				SWIFT_VERSION = 5.0;
				TARGETED_DEVICE_FAMILY = 1;
			};
			name = Debug;
		};
		C7537C9D2882944C00819794 /* Release */ = {
			isa = XCBuildConfiguration;
			buildSettings = {
				ASSETCATALOG_COMPILER_APPICON_NAME = AppIcon;
				ASSETCATALOG_COMPILER_GLOBAL_ACCENT_COLOR_NAME = AccentColor;
				CODE_SIGN_STYLE = Automatic;
				CURRENT_PROJECT_VERSION = 1;
				DEVELOPMENT_TEAM = 9QDXF859Y3;
				GENERATE_INFOPLIST_FILE = YES;
				INFOPLIST_FILE = "Caso practico UIKit/Info.plist";
				INFOPLIST_KEY_UIApplicationSupportsIndirectInputEvents = YES;
				INFOPLIST_KEY_UILaunchStoryboardName = LaunchScreen;
				INFOPLIST_KEY_UIMainStoryboardFile = Main;
				INFOPLIST_KEY_UISupportedInterfaceOrientations_iPad = "UIInterfaceOrientationPortrait UIInterfaceOrientationPortraitUpsideDown UIInterfaceOrientationLandscapeLeft UIInterfaceOrientationLandscapeRight";
				INFOPLIST_KEY_UISupportedInterfaceOrientations_iPhone = "UIInterfaceOrientationPortrait UIInterfaceOrientationLandscapeLeft UIInterfaceOrientationLandscapeRight";
				LD_RUNPATH_SEARCH_PATHS = (
					"$(inherited)",
					"@executable_path/Frameworks",
				);
				MARKETING_VERSION = 1.0;
				PRODUCT_BUNDLE_IDENTIFIER = "betu.Caso-practico-UIKit";
				PRODUCT_NAME = "$(TARGET_NAME)";
				SWIFT_EMIT_LOC_STRINGS = YES;
				SWIFT_VERSION = 5.0;
				TARGETED_DEVICE_FAMILY = 1;
			};
			name = Release;
		};
/* End XCBuildConfiguration section */

/* Begin XCConfigurationList section */
		C7537C822882944A00819794 /* Build configuration list for PBXProject "Caso practico UIKit" */ = {
			isa = XCConfigurationList;
			buildConfigurations = (
				C7537C992882944C00819794 /* Debug */,
				C7537C9A2882944C00819794 /* Release */,
			);
			defaultConfigurationIsVisible = 0;
			defaultConfigurationName = Release;
		};
		C7537C9B2882944C00819794 /* Build configuration list for PBXNativeTarget "Caso practico UIKit" */ = {
			isa = XCConfigurationList;
			buildConfigurations = (
				C7537C9C2882944C00819794 /* Debug */,
				C7537C9D2882944C00819794 /* Release */,
			);
			defaultConfigurationIsVisible = 0;
			defaultConfigurationName = Release;
		};
/* End XCConfigurationList section */
	};
	rootObject = C7537C7F2882944A00819794 /* Project object */;
}
